Microsoft Visual Studio Solution File, Format Version 12.00
# Visual Studio Version 17
VisualStudioVersion = 17.0.31903.59
MinimumVisualStudioVersion = 10.0.40219.1
Project("{FAE04EC0-301F-11D3-BF4B-00C04F79EFBC}") = "KlasorKasa", "KlasorKasa.csproj", "{D5922A7B-9C55-4554-987C-C57D40EAB213}"
EndProject
Project("{FAE04EC0-301F-11D3-BF4B-00C04F79EFBC}") = "KlasorKasa.Tests", "KlasorKasa.Tests\KlasorKasa.Tests.csproj", "{2EF77252-5BCD-4D22-BF82-6F6962FD13E4}"
EndProject
Global
	GlobalSection(SolutionConfigurationPlatforms) = preSolution
		Debug|x64 = Debug|x64
		Release|x64 = Release|x64
	EndGlobalSection
	GlobalSection(ProjectConfigurationPlatforms) = postSolution
		{D5922A7B-9C55-4554-987C-C57D40EAB213}.Debug|x64.ActiveCfg = Debug|x64
		{D5922A7B-9C55-4554-987C-C57D40EAB213}.Debug|x64.Build.0 = Debug|x64
		{D5922A7B-9C55-4554-987C-C57D40EAB213}.Release|x64.ActiveCfg = Release|x64
		{D5922A7B-9C55-4554-987C-C57D40EAB213}.Release|x64.Build.0 = Release|x64
		{2EF77252-5BCD-4D22-BF82-6F6962FD13E4}.Debug|x64.ActiveCfg = Debug|x64
		{2EF77252-5BCD-4D22-BF82-6F6962FD13E4}.Debug|x64.Build.0 = Debug|x64
		{2EF77252-5BCD-4D22-BF82-6F6962FD13E4}.Release|x64.ActiveCfg = Release|x64
		{2EF77252-5BCD-4D22-BF82-6F6962FD13E4}.Release|x64.Build.0 = Release|x64
	EndGlobalSection
EndGlobal
